{
  "name": "@ansvar/financial-services-mcp",
  "version": "1.0.0",
  "lockfileVersion": 3,
  "requires": true,
  "packages": {
    "": {
      "name": "@ansvar/financial-services-mcp",
      "version": "1.0.0",
      "license": "MIT",
      "bin": {
        "financial-services-mcp": "bin/financial-services-mcp.js"
      },
      "engines": {
        "node": ">=25.0.0"
      }
    }
  }
}
